
Microsoft Visual Studio Solution File, Format Version 12.00
# Visual Studio Version 16
VisualStudioVersion = 16.0.29920.165
MinimumVisualStudioVersion = 10.0.40219.1
Project("{FAE04EC0-301F-11D3-BF4B-00C04F79EFBC}") = "Тестирование Мухин", "Тестирование Мухин\Тестирование Мухин.csproj", "{9C0A13EE-EF84-4C92-93F9-CC83A4305457}"
EndProject
Global
	GlobalSection(SolutionConfigurationPlatforms) = preSolution
		Debug|Any CPU = Debug|Any CPU
		Release|Any CPU = Release|Any CPU
	EndGlobalSection
	GlobalSection(ProjectConfigurationPlatforms) = postSolution
		{9C0A13EE-EF84-4C92-93F9-CC83A4305457}.Debug|Any CPU.ActiveCfg = Debug|Any CPU
		{9C0A13EE-EF84-4C92-93F9-CC83A4305457}.Debug|Any CPU.Build.0 = Debug|Any CPU
		{9C0A13EE-EF84-4C92-93F9-CC83A4305457}.Release|Any CPU.ActiveCfg = Release|Any CPU
		{9C0A13EE-EF84-4C92-93F9-CC83A4305457}.Release|Any CPU.Build.0 = Release|Any CPU
	EndGlobalSection
	GlobalSection(SolutionProperties) = preSolution
		HideSolutionNode = FALSE
	EndGlobalSection
	GlobalSection(ExtensibilityGlobals) = postSolution
		SolutionGuid = {2E99F917-A199-4B4C-91EB-B3F962398C3E}
	EndGlobalSection
EndGlobal
